
Microsoft Visual Studio Solution File, Format Version 12.00
# Visual Studio 15
VisualStudioVersion = 15.0.26124.0
MinimumVisualStudioVersion = 15.0.26124.0
Project("{2150E333-8FDC-42A3-9474-1A3956D46DE8}") = "Src", "Src", "{F878A557-5D40-44F2-A852-956F3556DAB7}"
EndProject
Project("{FAE04EC0-301F-11D3-BF4B-00C04F79EFBC}") = "Web", "Src\Web\Web.csproj", "{58872F0D-6469-49EB-892F-3D5B6FE10DA6}"
EndProject
Project("{FAE04EC0-301F-11D3-BF4B-00C04F79EFBC}") = "Tests", "Src\Tests\Tests.csproj", "{9CF2613E-3EA1-4173-BE08-6F74B3E1E0EC}"
EndProject
Global
	GlobalSection(SolutionConfigurationPlatforms) = preSolution
		Debug|Any CPU = Debug|Any CPU
		Debug|x64 = Debug|x64
		Debug|x86 = Debug|x86
		Release|Any CPU = Release|Any CPU
		Release|x64 = Release|x64
		Release|x86 = Release|x86
	EndGlobalSection
	GlobalSection(SolutionProperties) = preSolution
		HideSolutionNode = FALSE
	EndGlobalSection
	GlobalSection(ProjectConfigurationPlatforms) = postSolution
		{58872F0D-6469-49EB-892F-3D5B6FE10DA6}.Debug|Any CPU.ActiveCfg = Debug|Any CPU
		{58872F0D-6469-49EB-892F-3D5B6FE10DA6}.Debug|Any CPU.Build.0 = Debug|Any CPU
		{58872F0D-6469-49EB-892F-3D5B6FE10DA6}.Debug|x64.ActiveCfg = Debug|x64
		{58872F0D-6469-49EB-892F-3D5B6FE10DA6}.Debug|x64.Build.0 = Debug|x64
		{58872F0D-6469-49EB-892F-3D5B6FE10DA6}.Debug|x86.ActiveCfg = Debug|x86
		{58872F0D-6469-49EB-892F-3D5B6FE10DA6}.Debug|x86.Build.0 = Debug|x86
		{58872F0D-6469-49EB-892F-3D5B6FE10DA6}.Release|Any CPU.ActiveCfg = Release|Any CPU
		{58872F0D-6469-49EB-892F-3D5B6FE10DA6}.Release|Any CPU.Build.0 = Release|Any CPU
		{58872F0D-6469-49EB-892F-3D5B6FE10DA6}.Release|x64.ActiveCfg = Release|x64
		{58872F0D-6469-49EB-892F-3D5B6FE10DA6}.Release|x64.Build.0 = Release|x64
		{58872F0D-6469-49EB-892F-3D5B6FE10DA6}.Release|x86.ActiveCfg = Release|x86
		{58872F0D-6469-49EB-892F-3D5B6FE10DA6}.Release|x86.Build.0 = Release|x86
		{9CF2613E-3EA1-4173-BE08-6F74B3E1E0EC}.Debug|Any CPU.ActiveCfg = Debug|Any CPU
		{9CF2613E-3EA1-4173-BE08-6F74B3E1E0EC}.Debug|Any CPU.Build.0 = Debug|Any CPU
		{9CF2613E-3EA1-4173-BE08-6F74B3E1E0EC}.Debug|x64.ActiveCfg = Debug|x64
		{9CF2613E-3EA1-4173-BE08-6F74B3E1E0EC}.Debug|x64.Build.0 = Debug|x64
		{9CF2613E-3EA1-4173-BE08-6F74B3E1E0EC}.Debug|x86.ActiveCfg = Debug|x86
		{9CF2613E-3EA1-4173-BE08-6F74B3E1E0EC}.Debug|x86.Build.0 = Debug|x86
		{9CF2613E-3EA1-4173-BE08-6F74B3E1E0EC}.Release|Any CPU.ActiveCfg = Release|Any CPU
		{9CF2613E-3EA1-4173-BE08-6F74B3E1E0EC}.Release|Any CPU.Build.0 = Release|Any CPU
		{9CF2613E-3EA1-4173-BE08-6F74B3E1E0EC}.Release|x64.ActiveCfg = Release|x64
		{9CF2613E-3EA1-4173-BE08-6F74B3E1E0EC}.Release|x64.Build.0 = Release|x64
		{9CF2613E-3EA1-4173-BE08-6F74B3E1E0EC}.Release|x86.ActiveCfg = Release|x86
		{9CF2613E-3EA1-4173-BE08-6F74B3E1E0EC}.Release|x86.Build.0 = Release|x86
	EndGlobalSection
	GlobalSection(NestedProjects) = preSolution
		{58872F0D-6469-49EB-892F-3D5B6FE10DA6} = {F878A557-5D40-44F2-A852-956F3556DAB7}
		{9CF2613E-3EA1-4173-BE08-6F74B3E1E0EC} = {F878A557-5D40-44F2-A852-956F3556DAB7}
	EndGlobalSection
EndGlobal
